// !$*UTF8*$!
{
	archiveVersion = 1;
	classes = {
	};
	objectVersion = 50;
	objects = {

/* Begin PBXBuildFile section */
		9F4267F326AFD81000D7CEFB /* circleButton.swift in Sources */ = {isa = PBXBuildFile; fileRef = 9F4267F226AFD81000D7CEFB /* circleButton.swift */; };
		9F7140A726AF1C3B00BF6DF0 /* LetterGrade.swift in Sources */ = {isa = PBXBuildFile; fileRef = 9F7140A626AF1C3B00BF6DF0 /* LetterGrade.swift */; };
		9F7140A926AF1C5400BF6DF0 /* GeneralPointAverage.swift in Sources */ = {isa = PBXBuildFile; fileRef = 9F7140A826AF1C5400BF6DF0 /* GeneralPointAverage.swift */; };
		9F7140AB26AF1C6F00BF6DF0 /* myButton.swift in Sources */ = {isa = PBXBuildFile; fileRef = 9F7140AA26AF1C6F00BF6DF0 /* myButton.swift */; };
		9F88102D26AEE36200BCA2A9 /* AppDelegate.swift in Sources */ = {isa = PBXBuildFile; fileRef = 9F88102C26AEE36200BCA2A9 /* AppDelegate.swift */; };
		9F88102F26AEE36200BCA2A9 /* SceneDelegate.swift in Sources */ = {isa = PBXBuildFile; fileRef = 9F88102E26AEE36200BCA2A9 /* SceneDelegate.swift */; };
		9F88103126AEE36200BCA2A9 /* MainVC.swift in Sources */ = {isa = PBXBuildFile; fileRef = 9F88103026AEE36200BCA2A9 /* MainVC.swift */; };
		9F88103426AEE36200BCA2A9 /* Main.storyboard in Resources */ = {isa = PBXBuildFile; fileRef = 9F88103226AEE36200BCA2A9 /* Main.storyboard */; };
		9F88103626AEE36400BCA2A9 /* Assets.xcassets in Resources */ = {isa = PBXBuildFile; fileRef = 9F88103526AEE36400BCA2A9 /* Assets.xcassets */; };
		9F88103926AEE36400BCA2A9 /* LaunchScreen.storyboard in Resources */ = {isa = PBXBuildFile; fileRef = 9F88103726AEE36400BCA2A9 /* LaunchScreen.storyboard */; };
		9F88104826AEEDD700BCA2A9 /* LetterGradeVC.swift in Sources */ = {isa = PBXBuildFile; fileRef = 9F88104726AEEDD700BCA2A9 /* LetterGradeVC.swift */; };
		9F88104A26AEEE3700BCA2A9 /* GradePointAverageVC.swift in Sources */ = {isa = PBXBuildFile; fileRef = 9F88104926AEEE3700BCA2A9 /* GradePointAverageVC.swift */; };
/* End PBXBuildFile section */

/* Begin PBXFileReference section */
		9F4267F226AFD81000D7CEFB /* circleButton.swift */ = {isa = PBXFileReference; lastKnownFileType = sourcecode.swift; path = circleButton.swift; sourceTree = "<group>"; };
		9F7140A626AF1C3B00BF6DF0 /* LetterGrade.swift */ = {isa = PBXFileReference; lastKnownFileType = sourcecode.swift; path = LetterGrade.swift; sourceTree = "<group>"; };
		9F7140A826AF1C5400BF6DF0 /* GeneralPointAverage.swift */ = {isa = PBXFileReference; lastKnownFileType = sourcecode.swift; path = GeneralPointAverage.swift; sourceTree = "<group>"; };
		9F7140AA26AF1C6F00BF6DF0 /* myButton.swift */ = {isa = PBXFileReference; lastKnownFileType = sourcecode.swift; path = myButton.swift; sourceTree = "<group>"; };
		9F88102926AEE36200BCA2A9 /* BU Not.app */ = {isa = PBXFileReference; explicitFileType = wrapper.application; includeInIndex = 0; path = "BU Not.app"; sourceTree = BUILT_PRODUCTS_DIR; };
		9F88102C26AEE36200BCA2A9 /* AppDelegate.swift */ = {isa = PBXFileReference; lastKnownFileType = sourcecode.swift; path = AppDelegate.swift; sourceTree = "<group>"; };
		9F88102E26AEE36200BCA2A9 /* SceneDelegate.swift */ = {isa = PBXFileReference; lastKnownFileType = sourcecode.swift; path = SceneDelegate.swift; sourceTree = "<group>"; };
		9F88103026AEE36200BCA2A9 /* MainVC.swift */ = {isa = PBXFileReference; lastKnownFileType = sourcecode.swift; path = MainVC.swift; sourceTree = "<group>"; };
		9F88103326AEE36200BCA2A9 /* Base */ = {isa = PBXFileReference; lastKnownFileType = file.storyboard; name = Base; path = Base.lproj/Main.storyboard; sourceTree = "<group>"; };
		9F88103526AEE36400BCA2A9 /* Assets.xcassets */ = {isa = PBXFileReference; lastKnownFileType = folder.assetcatalog; path = Assets.xcassets; sourceTree = "<group>"; };
		9F88103826AEE36400BCA2A9 /* Base */ = {isa = PBXFileReference; lastKnownFileType = file.storyboard; name = Base; path = Base.lproj/LaunchScreen.storyboard; sourceTree = "<group>"; };
		9F88103A26AEE36400BCA2A9 /* Info.plist */ = {isa = PBXFileReference; lastKnownFileType = text.plist.xml; path = Info.plist; sourceTree = "<group>"; };
		9F88104726AEEDD700BCA2A9 /* LetterGradeVC.swift */ = {isa = PBXFileReference; lastKnownFileType = sourcecode.swift; path = LetterGradeVC.swift; sourceTree = "<group>"; };
		9F88104926AEEE3700BCA2A9 /* GradePointAverageVC.swift */ = {isa = PBXFileReference; lastKnownFileType = sourcecode.swift; path = GradePointAverageVC.swift; sourceTree = "<group>"; };
/* End PBXFileReference section */

/* Begin PBXFrameworksBuildPhase section */
		9F88102626AEE36200BCA2A9 /* Frameworks */ = {
			isa = PBXFrameworksBuildPhase;
			buildActionMask = 2147483647;
			files = (
			);
			runOnlyForDeploymentPostprocessing = 0;
		};
/* End PBXFrameworksBuildPhase section */

/* Begin PBXGroup section */
		9F88102026AEE36200BCA2A9 = {
			isa = PBXGroup;
			children = (
				9F88102B26AEE36200BCA2A9 /* BU Not */,
				9F88102A26AEE36200BCA2A9 /* Products */,
			);
			sourceTree = "<group>";
		};
		9F88102A26AEE36200BCA2A9 /* Products */ = {
			isa = PBXGroup;
			children = (
				9F88102926AEE36200BCA2A9 /* BU Not.app */,
			);
			name = Products;
			sourceTree = "<group>";
		};
		9F88102B26AEE36200BCA2A9 /* BU Not */ = {
			isa = PBXGroup;
			children = (
				9F88104226AEE3A200BCA2A9 /* Model */,
				9F88104126AEE39A00BCA2A9 /* View */,
				9F88104026AEE39100BCA2A9 /* Controller */,
				9F88102C26AEE36200BCA2A9 /* AppDelegate.swift */,
				9F88102E26AEE36200BCA2A9 /* SceneDelegate.swift */,
				9F88103226AEE36200BCA2A9 /* Main.storyboard */,
				9F88103526AEE36400BCA2A9 /* Assets.xcassets */,
				9F88103726AEE36400BCA2A9 /* LaunchScreen.storyboard */,
				9F88103A26AEE36400BCA2A9 /* Info.plist */,
			);
			path = "BU Not";
			sourceTree = "<group>";
		};
		9F88104026AEE39100BCA2A9 /* Controller */ = {
			isa = PBXGroup;
			children = (
				9F88103026AEE36200BCA2A9 /* MainVC.swift */,
				9F88104726AEEDD700BCA2A9 /* LetterGradeVC.swift */,
				9F88104926AEEE3700BCA2A9 /* GradePointAverageVC.swift */,
			);
			path = Controller;
			sourceTree = "<group>";
		};
		9F88104126AEE39A00BCA2A9 /* View */ = {
			isa = PBXGroup;
			children = (
				9F7140AA26AF1C6F00BF6DF0 /* myButton.swift */,
				9F4267F226AFD81000D7CEFB /* circleButton.swift */,
			);
			path = View;
			sourceTree = "<group>";
		};
		9F88104226AEE3A200BCA2A9 /* Model */ = {
			isa = PBXGroup;
			children = (
				9F7140A626AF1C3B00BF6DF0 /* LetterGrade.swift */,
				9F7140A826AF1C5400BF6DF0 /* GeneralPointAverage.swift */,
			);
			path = Model;
			sourceTree = "<group>";
		};
/* End PBXGroup section */

/* Begin PBXNativeTarget section */
		9F88102826AEE36200BCA2A9 /* BU Not */ = {
			isa = PBXNativeTarget;
			buildConfigurationList = 9F88103D26AEE36400BCA2A9 /* Build configuration list for PBXNativeTarget "BU Not" */;
			buildPhases = (
				9F88102526AEE36200BCA2A9 /* Sources */,
				9F88102626AEE36200BCA2A9 /* Frameworks */,
				9F88102726AEE36200BCA2A9 /* Resources */,
			);
			buildRules = (
			);
			dependencies = (
			);
			name = "BU Not";
			productName = "BU Not";
			productReference = 9F88102926AEE36200BCA2A9 /* BU Not.app */;
			productType = "com.apple.product-type.application";
		};
/* End PBXNativeTarget section */

/* Begin PBXProject section */
		9F88102126AEE36200BCA2A9 /* Project object */ = {
			isa = PBXProject;
			attributes = {
				LastSwiftUpdateCheck = 1250;
				LastUpgradeCheck = 1250;
				TargetAttributes = {
					9F88102826AEE36200BCA2A9 = {
						CreatedOnToolsVersion = 12.5.1;
					};
				};
			};
			buildConfigurationList = 9F88102426AEE36200BCA2A9 /* Build configuration list for PBXProject "BU Not" */;
			compatibilityVersion = "Xcode 9.3";
			developmentRegion = en;
			hasScannedForEncodings = 0;
			knownRegions = (
				en,
				Base,
			);
			mainGroup = 9F88102026AEE36200BCA2A9;
			productRefGroup = 9F88102A26AEE36200BCA2A9 /* Products */;
			projectDirPath = "";
			projectRoot = "";
			targets = (
				9F88102826AEE36200BCA2A9 /* BU Not */,
			);
		};
/* End PBXProject section */

/* Begin PBXResourcesBuildPhase section */
		9F88102726AEE36200BCA2A9 /* Resources */ = {
			isa = PBXResourcesBuildPhase;
			buildActionMask = 2147483647;
			files = (
				9F88103926AEE36400BCA2A9 /* LaunchScreen.storyboard in Resources */,
				9F88103626AEE36400BCA2A9 /* Assets.xcassets in Resources */,
				9F88103426AEE36200BCA2A9 /* Main.storyboard in Resources */,
			);
			runOnlyForDeploymentPostprocessing = 0;
		};
/* End PBXResourcesBuildPhase section */

/* Begin PBXSourcesBuildPhase section */
		9F88102526AEE36200BCA2A9 /* Sources */ = {
			isa = PBXSourcesBuildPhase;
			buildActionMask = 2147483647;
			files = (
				9F4267F326AFD81000D7CEFB /* circleButton.swift in Sources */,
				9F88103126AEE36200BCA2A9 /* MainVC.swift in Sources */,
				9F88102D26AEE36200BCA2A9 /* AppDelegate.swift in Sources */,
				9F7140A926AF1C5400BF6DF0 /* GeneralPointAverage.swift in Sources */,
				9F7140AB26AF1C6F00BF6DF0 /* myButton.swift in Sources */,
				9F88102F26AEE36200BCA2A9 /* SceneDelegate.swift in Sources */,
				9F88104826AEEDD700BCA2A9 /* LetterGradeVC.swift in Sources */,
				9F88104A26AEEE3700BCA2A9 /* GradePointAverageVC.swift in Sources */,
				9F7140A726AF1C3B00BF6DF0 /* LetterGrade.swift in Sources */,
			);
			runOnlyForDeploymentPostprocessing = 0;
		};
/* End PBXSourcesBuildPhase section */

/* Begin PBXVariantGroup section */
		9F88103226AEE36200BCA2A9 /* Main.storyboard */ = {
			isa = PBXVariantGroup;
			children = (
				9F88103326AEE36200BCA2A9 /* Base */,
			);
			name = Main.storyboard;
			sourceTree = "<group>";
		};
		9F88103726AEE36400BCA2A9 /* LaunchScreen.storyboard */ = {
			isa = PBXVariantGroup;
			children = (
				9F88103826AEE36400BCA2A9 /* Base */,
			);
			name = LaunchScreen.storyboard;
			sourceTree = "<group>";
		};
/* End PBXVariantGroup section */

/* Begin XCBuildConfiguration section */
		9F88103B26AEE36400BCA2A9 /* Debug */ = {
			isa = XCBuildConfiguration;
			buildSettings = {
				ALWAYS_SEARCH_USER_PATHS = NO;
				CLANG_ANALYZER_NONNULL = YES;
				CLANG_ANALYZER_NUMBER_OBJECT_CONVERSION = YES_AGGRESSIVE;
				CLANG_CXX_LANGUAGE_STANDARD = "gnu++14";
				CLANG_CXX_LIBRARY = "libc++";
				CLANG_ENABLE_MODULES = YES;
				CLANG_ENABLE_OBJC_ARC = YES;
				CLANG_ENABLE_OBJC_WEAK = YES;
				CLANG_WARN_BLOCK_CAPTURE_AUTORELEASING = YES;
				CLANG_WARN_BOOL_CONVERSION = YES;
				CLANG_WARN_COMMA = YES;
				CLANG_WARN_CONSTANT_CONVERSION = YES;
				CLANG_WARN_DEPRECATED_OBJC_IMPLEMENTATIONS = YES;
				CLANG_WARN_DIRECT_OBJC_ISA_USAGE = YES_ERROR;
				CLANG_WARN_DOCUMENTATION_COMMENTS = YES;
				CLANG_WARN_EMPTY_BODY = YES;
				CLANG_WARN_ENUM_CONVERSION = YES;
				CLANG_WARN_INFINITE_RECURSION = YES;
				CLANG_WARN_INT_CONVERSION = YES;
				CLANG_WARN_NON_LITERAL_NULL_CONVERSION = YES;
				CLANG_WARN_OBJC_IMPLICIT_RETAIN_SELF = YES;
				CLANG_WARN_OBJC_LITERAL_CONVERSION = YES;
				CLANG_WARN_OBJC_ROOT_CLASS = YES_ERROR;
				CLANG_WARN_QUOTED_INCLUDE_IN_FRAMEWORK_HEADER = YES;
				CLANG_WARN_RANGE_LOOP_ANALYSIS = YES;
				CLANG_WARN_STRICT_PROTOTYPES = YES;
				CLANG_WARN_SUSPICIOUS_MOVE = YES;
				CLANG_WARN_UNGUARDED_AVAILABILITY = YES_AGGRESSIVE;
				CLANG_WARN_UNREACHABLE_CODE = YES;
				CLANG_WARN__DUPLICATE_METHOD_MATCH = YES;
				COPY_PHASE_STRIP = NO;
				DEBUG_INFORMATION_FORMAT = dwarf;
				ENABLE_STRICT_OBJC_MSGSEND = YES;
				ENABLE_TESTABILITY = YES;
				GCC_C_LANGUAGE_STANDARD = gnu11;
				GCC_DYNAMIC_NO_PIC = NO;
				GCC_NO_COMMON_BLOCKS = YES;
				GCC_OPTIMIZATION_LEVEL = 0;
				GCC_PREPROCESSOR_DEFINITIONS = (
					"DEBUG=1",
					"$(inherited)",
				);
				GCC_WARN_64_TO_32_BIT_CONVERSION = YES;
				GCC_WARN_ABOUT_RETURN_TYPE = YES_ERROR;
				GCC_WARN_UNDECLARED_SELECTOR = YES;
				GCC_WARN_UNINITIALIZED_AUTOS = YES_AGGRESSIVE;
				GCC_WARN_UNUSED_FUNCTION = YES;
				GCC_WARN_UNUSED_VARIABLE = YES;
				IPHONEOS_DEPLOYMENT_TARGET = 14.5;
				MTL_ENABLE_DEBUG_INFO = INCLUDE_SOURCE;
				MTL_FAST_MATH = YES;
				ONLY_ACTIVE_ARCH = YES;
				SDKROOT = iphoneos;
				SWIFT_ACTIVE_COMPILATION_CONDITIONS = DEBUG;
				SWIFT_OPTIMIZATION_LEVEL = "-Onone";
			};
			name = Debug;
		};
		9F88103C26AEE36400BCA2A9 /* Release */ = {
			isa = XCBuildConfiguration;
			buildSettings = {
				ALWAYS_SEARCH_USER_PATHS = NO;
				CLANG_ANALYZER_NONNULL = YES;
				CLANG_ANALYZER_NUMBER_OBJECT_CONVERSION = YES_AGGRESSIVE;
				CLANG_CXX_LANGUAGE_STANDARD = "gnu++14";
				CLANG_CXX_LIBRARY = "libc++";
				CLANG_ENABLE_MODULES = YES;
				CLANG_ENABLE_OBJC_ARC = YES;
				CLANG_ENABLE_OBJC_WEAK = YES;
				CLANG_WARN_BLOCK_CAPTURE_AUTORELEASING = YES;
				CLANG_WARN_BOOL_CONVERSION = YES;
				CLANG_WARN_COMMA = YES;
				CLANG_WARN_CONSTANT_CONVERSION = YES;
				CLANG_WARN_DEPRECATED_OBJC_IMPLEMENTATIONS = YES;
				CLANG_WARN_DIRECT_OBJC_ISA_USAGE = YES_ERROR;
				CLANG_WARN_DOCUMENTATION_COMMENTS = YES;
				CLANG_WARN_EMPTY_BODY = YES;
				CLANG_WARN_ENUM_CONVERSION = YES;
				CLANG_WARN_INFINITE_RECURSION = YES;
				CLANG_WARN_INT_CONVERSION = YES;
				CLANG_WARN_NON_LITERAL_NULL_CONVERSION = YES;
				CLANG_WARN_OBJC_IMPLICIT_RETAIN_SELF = YES;
				CLANG_WARN_OBJC_LITERAL_CONVERSION = YES;
				CLANG_WARN_OBJC_ROOT_CLASS = YES_ERROR;
				CLANG_WARN_QUOTED_INCLUDE_IN_FRAMEWORK_HEADER = YES;
				CLANG_WARN_RANGE_LOOP_ANALYSIS = YES;
				CLANG_WARN_STRICT_PROTOTYPES = YES;
				CLANG_WARN_SUSPICIOUS_MOVE = YES;
				CLANG_WARN_UNGUARDED_AVAILABILITY = YES_AGGRESSIVE;
				CLANG_WARN_UNREACHABLE_CODE = YES;
				CLANG_WARN__DUPLICATE_METHOD_MATCH = YES;
				COPY_PHASE_STRIP = NO;
				DEBUG_INFORMATION_FORMAT = "dwarf-with-dsym";
				ENABLE_NS_ASSERTIONS = NO;
				ENABLE_STRICT_OBJC_MSGSEND = YES;
				GCC_C_LANGUAGE_STANDARD = gnu11;
				GCC_NO_COMMON_BLOCKS = YES;
				GCC_WARN_64_TO_32_BIT_CONVERSION = YES;
				GCC_WARN_ABOUT_RETURN_TYPE = YES_ERROR;
				GCC_WARN_UNDECLARED_SELECTOR = YES;
				GCC_WARN_UNINITIALIZED_AUTOS = YES_AGGRESSIVE;
				GCC_WARN_UNUSED_FUNCTION = YES;
				GCC_WARN_UNUSED_VARIABLE = YES;
				IPHONEOS_DEPLOYMENT_TARGET = 14.5;
				MTL_ENABLE_DEBUG_INFO = NO;
				MTL_FAST_MATH = YES;
				SDKROOT = iphoneos;
				SWIFT_COMPILATION_MODE = wholemodule;
				SWIFT_OPTIMIZATION_LEVEL = "-O";
				VALIDATE_PRODUCT = YES;
			};
			name = Release;
		};
		9F88103E26AEE36400BCA2A9 /* Debug */ = {
			isa = XCBuildConfiguration;
			buildSettings = {
				ASSETCATALOG_COMPILER_APPICON_NAME = AppIcon;
				ASSETCATALOG_COMPILER_GLOBAL_ACCENT_COLOR_NAME = AccentColor;
				CODE_SIGN_STYLE = Automatic;
				DEVELOPMENT_TEAM = B44GZRWBN9;
				INFOPLIST_FILE = "BU Not/Info.plist";
				IPHONEOS_DEPLOYMENT_TARGET = 13.6;
				LD_RUNPATH_SEARCH_PATHS = (
					"$(inherited)",
					"@executable_path/Frameworks",
				);
				PRODUCT_BUNDLE_IDENTIFIER = "com.hassanalhusain.BU-Not";
				PRODUCT_NAME = "$(TARGET_NAME)";
				SWIFT_VERSION = 5.0;
				TARGETED_DEVICE_FAMILY = 1;
			};
			name = Debug;
		};
		9F88103F26AEE36400BCA2A9 /* Release */ = {
			isa = XCBuildConfiguration;
			buildSettings = {
				ASSETCATALOG_COMPILER_APPICON_NAME = AppIcon;
				ASSETCATALOG_COMPILER_GLOBAL_ACCENT_COLOR_NAME = AccentColor;
				CODE_SIGN_STYLE = Automatic;
				DEVELOPMENT_TEAM = B44GZRWBN9;
				INFOPLIST_FILE = "BU Not/Info.plist";
				IPHONEOS_DEPLOYMENT_TARGET = 13.6;
				LD_RUNPATH_SEARCH_PATHS = (
					"$(inherited)",
					"@executable_path/Frameworks",
				);
				PRODUCT_BUNDLE_IDENTIFIER = "com.hassanalhusain.BU-Not";
				PRODUCT_NAME = "$(TARGET_NAME)";
				SWIFT_VERSION = 5.0;
				TARGETED_DEVICE_FAMILY = 1;
			};
			name = Release;
		};
/* End XCBuildConfiguration section */

/* Begin XCConfigurationList section */
		9F88102426AEE36200BCA2A9 /* Build configuration list for PBXProject "BU Not" */ = {
			isa = XCConfigurationList;
			buildConfigurations = (
				9F88103B26AEE36400BCA2A9 /* Debug */,
				9F88103C26AEE36400BCA2A9 /* Release */,
			);
			defaultConfigurationIsVisible = 0;
			defaultConfigurationName = Release;
		};
		9F88103D26AEE36400BCA2A9 /* Build configuration list for PBXNativeTarget "BU Not" */ = {
			isa = XCConfigurationList;
			buildConfigurations = (
				9F88103E26AEE36400BCA2A9 /* Debug */,
				9F88103F26AEE36400BCA2A9 /* Release */,
			);
			defaultConfigurationIsVisible = 0;
			defaultConfigurationName = Release;
		};
/* End XCConfigurationList section */
	};
	rootObject = 9F88102126AEE36200BCA2A9 /* Project object */;
}
